
Microsoft Visual Studio Solution File, Format Version 12.00
# Visual Studio Version 17
VisualStudioVersion = 17.9.34723.18
MinimumVisualStudioVersion = 10.0.40219.1
Project("{9A19103F-16F7-4668-BE54-9A1E7A4F7556}") = "WEB_253503_TSARUK.UI", "WEB_253503_TSARUK.UI\WEB_253503_TSARUK.UI.csproj", "{C9CD8EFC-C582-453F-834C-11F9580DA80F}"
EndProject
Project("{9A19103F-16F7-4668-BE54-9A1E7A4F7556}") = "WEB_253503_TSARUK.Domain", "WEB_253503_TSARUK.Domain\WEB_253503_TSARUK.Domain.csproj", "{CB9C5E31-3934-4256-98E0-F9D4F38E59B7}"
EndProject
Project("{9A19103F-16F7-4668-BE54-9A1E7A4F7556}") = "WEB_253503_TSARUK.API", "WEB_253503_TSARUK.API\WEB_253503_TSARUK.API.csproj", "{4CEC6950-95B7-4F26-A705-5C959478087A}"
EndProject
Project("{9A19103F-16F7-4668-BE54-9A1E7A4F7556}") = "WEB_253503_TSARUK.Tests", "WEB_253503_TSARUK.Tests\WEB_253503_TSARUK.Tests.csproj", "{B408DE69-2CCB-4D3B-9965-D8EAD99E6812}"
EndProject
Project("{9A19103F-16F7-4668-BE54-9A1E7A4F7556}") = "WEB_253503_TSARUK.SSR", "WEB_253503_TSARUK.SSR\WEB_253503_TSARUK.SSR.csproj", "{E919CF06-110D-4326-A82E-6D51B9B1CE80}"
EndProject
Project("{9A19103F-16F7-4668-BE54-9A1E7A4F7556}") = "WEB_253503_TSARUK.BlazorWasm", "WEB_253503_TSARUK.BlazorWasm\WEB_253503_TSARUK.BlazorWasm.csproj", "{EB8DA1DD-F1D8-4E87-91C4-AB4CAFB8FFD2}"
EndProject
Global
	GlobalSection(SolutionConfigurationPlatforms) = preSolution
		Debug|Any CPU = Debug|Any CPU
		Release|Any CPU = Release|Any CPU
	EndGlobalSection
	GlobalSection(ProjectConfigurationPlatforms) = postSolution
		{C9CD8EFC-C582-453F-834C-11F9580DA80F}.Debug|Any CPU.ActiveCfg = Debug|Any CPU
		{C9CD8EFC-C582-453F-834C-11F9580DA80F}.Debug|Any CPU.Build.0 = Debug|Any CPU
		{C9CD8EFC-C582-453F-834C-11F9580DA80F}.Release|Any CPU.ActiveCfg = Release|Any CPU
		{C9CD8EFC-C582-453F-834C-11F9580DA80F}.Release|Any CPU.Build.0 = Release|Any CPU
		{CB9C5E31-3934-4256-98E0-F9D4F38E59B7}.Debug|Any CPU.ActiveCfg = Debug|Any CPU
		{CB9C5E31-3934-4256-98E0-F9D4F38E59B7}.Debug|Any CPU.Build.0 = Debug|Any CPU
		{CB9C5E31-3934-4256-98E0-F9D4F38E59B7}.Release|Any CPU.ActiveCfg = Release|Any CPU
		{CB9C5E31-3934-4256-98E0-F9D4F38E59B7}.Release|Any CPU.Build.0 = Release|Any CPU
		{4CEC6950-95B7-4F26-A705-5C959478087A}.Debug|Any CPU.ActiveCfg = Debug|Any CPU
		{4CEC6950-95B7-4F26-A705-5C959478087A}.Debug|Any CPU.Build.0 = Debug|Any CPU
		{4CEC6950-95B7-4F26-A705-5C959478087A}.Release|Any CPU.ActiveCfg = Release|Any CPU
		{4CEC6950-95B7-4F26-A705-5C959478087A}.Release|Any CPU.Build.0 = Release|Any CPU
		{B408DE69-2CCB-4D3B-9965-D8EAD99E6812}.Debug|Any CPU.ActiveCfg = Debug|Any CPU
		{B408DE69-2CCB-4D3B-9965-D8EAD99E6812}.Debug|Any CPU.Build.0 = Debug|Any CPU
		{B408DE69-2CCB-4D3B-9965-D8EAD99E6812}.Release|Any CPU.ActiveCfg = Release|Any CPU
		{B408DE69-2CCB-4D3B-9965-D8EAD99E6812}.Release|Any CPU.Build.0 = Release|Any CPU
		{E919CF06-110D-4326-A82E-6D51B9B1CE80}.Debug|Any CPU.ActiveCfg = Debug|Any CPU
		{E919CF06-110D-4326-A82E-6D51B9B1CE80}.Debug|Any CPU.Build.0 = Debug|Any CPU
		{E919CF06-110D-4326-A82E-6D51B9B1CE80}.Release|Any CPU.ActiveCfg = Release|Any CPU
		{E919CF06-110D-4326-A82E-6D51B9B1CE80}.Release|Any CPU.Build.0 = Release|Any CPU
		{EB8DA1DD-F1D8-4E87-91C4-AB4CAFB8FFD2}.Debug|Any CPU.ActiveCfg = Debug|Any CPU
		{EB8DA1DD-F1D8-4E87-91C4-AB4CAFB8FFD2}.Debug|Any CPU.Build.0 = Debug|Any CPU
		{EB8DA1DD-F1D8-4E87-91C4-AB4CAFB8FFD2}.Release|Any CPU.ActiveCfg = Release|Any CPU
		{EB8DA1DD-F1D8-4E87-91C4-AB4CAFB8FFD2}.Release|Any CPU.Build.0 = Release|Any CPU
	EndGlobalSection
	GlobalSection(SolutionProperties) = preSolution
		HideSolutionNode = FALSE
	EndGlobalSection
	GlobalSection(ExtensibilityGlobals) = postSolution
		SolutionGuid = {5A03EC5A-67C7-4A17-88D2-4E95C4E87A06}
	EndGlobalSection
EndGlobal
